
Microsoft Visual Studio Solution File, Format Version 12.00
# Visual Studio 15
VisualStudioVersion = 15.0.28307.572
MinimumVisualStudioVersion = 10.0.40219.1
Project("{FAE04EC0-301F-11D3-BF4B-00C04F79EFBC}") = "Contact_List.Android", "Contact_List\Contact_List.Android\Contact_List.Android.csproj", "{A25D6235-F3CF-4215-A9C2-070BFAB3EAFD}"
EndProject
Project("{FAE04EC0-301F-11D3-BF4B-00C04F79EFBC}") = "Contact_List.iOS", "Contact_List\Contact_List.iOS\Contact_List.iOS.csproj", "{8DD80727-AC4E-4962-BF97-94051A649C5D}"
EndProject
Project("{FAE04EC0-301F-11D3-BF4B-00C04F79EFBC}") = "Contact_List.UWP", "Contact_List\Contact_List.UWP\Contact_List.UWP.csproj", "{848303E6-5D04-4171-AFB2-ECD7BAB7C15F}"
EndProject
Project("{FAE04EC0-301F-11D3-BF4B-00C04F79EFBC}") = "Contact_List", "Contact_List\Contact_List\Contact_List.csproj", "{E2C1B3A2-7EBD-4F06-AB05-ED60F589748C}"
EndProject
Global
	GlobalSection(SolutionConfigurationPlatforms) = preSolution
		Ad-Hoc|Any CPU = Ad-Hoc|Any CPU
		Ad-Hoc|ARM = Ad-Hoc|ARM
		Ad-Hoc|iPhone = Ad-Hoc|iPhone
		Ad-Hoc|iPhoneSimulator = Ad-Hoc|iPhoneSimulator
		Ad-Hoc|x64 = Ad-Hoc|x64
		Ad-Hoc|x86 = Ad-Hoc|x86
		AppStore|Any CPU = AppStore|Any CPU
		AppStore|ARM = AppStore|ARM
		AppStore|iPhone = AppStore|iPhone
		AppStore|iPhoneSimulator = AppStore|iPhoneSimulator
		AppStore|x64 = AppStore|x64
		AppStore|x86 = AppStore|x86
		Debug|Any CPU = Debug|Any CPU
		Debug|ARM = Debug|ARM
		Debug|iPhone = Debug|iPhone
		Debug|iPhoneSimulator = Debug|iPhoneSimulator
		Debug|x64 = Debug|x64
		Debug|x86 = Debug|x86
		Release|Any CPU = Release|Any CPU
		Release|ARM = Release|ARM
		Release|iPhone = Release|iPhone
		Release|iPhoneSimulator = Release|iPhoneSimulator
		Release|x64 = Release|x64
		Release|x86 = Release|x86
	EndGlobalSection
	GlobalSection(ProjectConfigurationPlatforms) = postSolution
		{A25D6235-F3CF-4215-A9C2-070BFAB3EAFD}.Ad-Hoc|Any CPU.ActiveCfg = Release|Any CPU
		{A25D6235-F3CF-4215-A9C2-070BFAB3EAFD}.Ad-Hoc|Any CPU.Build.0 = Release|Any CPU
		{A25D6235-F3CF-4215-A9C2-070BFAB3EAFD}.Ad-Hoc|Any CPU.Deploy.0 = Release|Any CPU
		{A25D6235-F3CF-4215-A9C2-070BFAB3EAFD}.Ad-Hoc|ARM.ActiveCfg = Release|Any CPU
		{A25D6235-F3CF-4215-A9C2-070BFAB3EAFD}.Ad-Hoc|ARM.Build.0 = Release|Any CPU
		{A25D6235-F3CF-4215-A9C2-070BFAB3EAFD}.Ad-Hoc|ARM.Deploy.0 = Release|Any CPU
		{A25D6235-F3CF-4215-A9C2-070BFAB3EAFD}.Ad-Hoc|iPhone.ActiveCfg = Release|Any CPU
		{A25D6235-F3CF-4215-A9C2-070BFAB3EAFD}.Ad-Hoc|iPhone.Build.0 = Release|Any CPU
		{A25D6235-F3CF-4215-A9C2-070BFAB3EAFD}.Ad-Hoc|iPhone.Deploy.0 = Release|Any CPU
		{A25D6235-F3CF-4215-A9C2-070BFAB3EAFD}.Ad-Hoc|iPhoneSimulator.ActiveCfg = Release|Any CPU
		{A25D6235-F3CF-4215-A9C2-070BFAB3EAFD}.Ad-Hoc|iPhoneSimulator.Build.0 = Release|Any CPU
		{A25D6235-F3CF-4215-A9C2-070BFAB3EAFD}.Ad-Hoc|iPhoneSimulator.Deploy.0 = Release|Any CPU
		{A25D6235-F3CF-4215-A9C2-070BFAB3EAFD}.Ad-Hoc|x64.ActiveCfg = Release|Any CPU
		{A25D6235-F3CF-4215-A9C2-070BFAB3EAFD}.Ad-Hoc|x64.Build.0 = Release|Any CPU
		{A25D6235-F3CF-4215-A9C2-070BFAB3EAFD}.Ad-Hoc|x64.Deploy.0 = Release|Any CPU
		{A25D6235-F3CF-4215-A9C2-070BFAB3EAFD}.Ad-Hoc|x86.ActiveCfg = Release|Any CPU
		{A25D6235-F3CF-4215-A9C2-070BFAB3EAFD}.Ad-Hoc|x86.Build.0 = Release|Any CPU
		{A25D6235-F3CF-4215-A9C2-070BFAB3EAFD}.Ad-Hoc|x86.Deploy.0 = Release|Any CPU
		{A25D6235-F3CF-4215-A9C2-070BFAB3EAFD}.AppStore|Any CPU.ActiveCfg = Release|Any CPU
		{A25D6235-F3CF-4215-A9C2-070BFAB3EAFD}.AppStore|Any CPU.Build.0 = Release|Any CPU
		{A25D6235-F3CF-4215-A9C2-070BFAB3EAFD}.AppStore|Any CPU.Deploy.0 = Release|Any CPU
		{A25D6235-F3CF-4215-A9C2-070BFAB3EAFD}.AppStore|ARM.ActiveCfg = Release|Any CPU
		{A25D6235-F3CF-4215-A9C2-070BFAB3EAFD}.AppStore|ARM.Build.0 = Release|Any CPU
		{A25D6235-F3CF-4215-A9C2-070BFAB3EAFD}.AppStore|ARM.Deploy.0 = Release|Any CPU
		{A25D6235-F3CF-4215-A9C2-070BFAB3EAFD}.AppStore|iPhone.ActiveCfg = Release|Any CPU
		{A25D6235-F3CF-4215-A9C2-070BFAB3EAFD}.AppStore|iPhone.Build.0 = Release|Any CPU
		{A25D6235-F3CF-4215-A9C2-070BFAB3EAFD}.AppStore|iPhone.Deploy.0 = Release|Any CPU
		{A25D6235-F3CF-4215-A9C2-070BFAB3EAFD}.AppStore|iPhoneSimulator.ActiveCfg = Release|Any CPU
		{A25D6235-F3CF-4215-A9C2-070BFAB3EAFD}.AppStore|iPhoneSimulator.Build.0 = Release|Any CPU
		{A25D6235-F3CF-4215-A9C2-070BFAB3EAFD}.AppStore|iPhoneSimulator.Deploy.0 = Release|Any CPU
		{A25D6235-F3CF-4215-A9C2-070BFAB3EAFD}.AppStore|x64.ActiveCfg = Release|Any CPU
		{A25D6235-F3CF-4215-A9C2-070BFAB3EAFD}.AppStore|x64.Build.0 = Release|Any CPU
		{A25D6235-F3CF-4215-A9C2-070BFAB3EAFD}.AppStore|x64.Deploy.0 = Release|Any CPU
		{A25D6235-F3CF-4215-A9C2-070BFAB3EAFD}.AppStore|x86.ActiveCfg = Release|Any CPU
		{A25D6235-F3CF-4215-A9C2-070BFAB3EAFD}.AppStore|x86.Build.0 = Release|Any CPU
		{A25D6235-F3CF-4215-A9C2-070BFAB3EAFD}.AppStore|x86.Deploy.0 = Release|Any CPU
		{A25D6235-F3CF-4215-A9C2-070BFAB3EAFD}.Debug|Any CPU.ActiveCfg = Debug|Any CPU
		{A25D6235-F3CF-4215-A9C2-070BFAB3EAFD}.Debug|Any CPU.Build.0 = Debug|Any CPU
		{A25D6235-F3CF-4215-A9C2-070BFAB3EAFD}.Debug|Any CPU.Deploy.0 = Debug|Any CPU
		{A25D6235-F3CF-4215-A9C2-070BFAB3EAFD}.Debug|ARM.ActiveCfg = Debug|Any CPU
		{A25D6235-F3CF-4215-A9C2-070BFAB3EAFD}.Debug|ARM.Build.0 = Debug|Any CPU
		{A25D6235-F3CF-4215-A9C2-070BFAB3EAFD}.Debug|ARM.Deploy.0 = Debug|Any CPU
		{A25D6235-F3CF-4215-A9C2-070BFAB3EAFD}.Debug|iPhone.ActiveCfg = Debug|Any CPU
		{A25D6235-F3CF-4215-A9C2-070BFAB3EAFD}.Debug|iPhone.Build.0 = Debug|Any CPU
		{A25D6235-F3CF-4215-A9C2-070BFAB3EAFD}.Debug|iPhone.Deploy.0 = Debug|Any CPU
		{A25D6235-F3CF-4215-A9C2-070BFAB3EAFD}.Debug|iPhoneSimulator.ActiveCfg = Debug|Any CPU
		{A25D6235-F3CF-4215-A9C2-070BFAB3EAFD}.Debug|iPhoneSimulator.Build.0 = Debug|Any CPU
		{A25D6235-F3CF-4215-A9C2-070BFAB3EAFD}.Debug|iPhoneSimulator.Deploy.0 = Debug|Any CPU
		{A25D6235-F3CF-4215-A9C2-070BFAB3EAFD}.Debug|x64.ActiveCfg = Debug|Any CPU
		{A25D6235-F3CF-4215-A9C2-070BFAB3EAFD}.Debug|x64.Build.0 = Debug|Any CPU
		{A25D6235-F3CF-4215-A9C2-070BFAB3EAFD}.Debug|x64.Deploy.0 = Debug|Any CPU
		{A25D6235-F3CF-4215-A9C2-070BFAB3EAFD}.Debug|x86.ActiveCfg = Debug|Any CPU
		{A25D6235-F3CF-4215-A9C2-070BFAB3EAFD}.Debug|x86.Build.0 = Debug|Any CPU
		{A25D6235-F3CF-4215-A9C2-070BFAB3EAFD}.Debug|x86.Deploy.0 = Debug|Any CPU
		{A25D6235-F3CF-4215-A9C2-070BFAB3EAFD}.Release|Any CPU.ActiveCfg = Release|Any CPU
		{A25D6235-F3CF-4215-A9C2-070BFAB3EAFD}.Release|Any CPU.Build.0 = Release|Any CPU
		{A25D6235-F3CF-4215-A9C2-070BFAB3EAFD}.Release|Any CPU.Deploy.0 = Release|Any CPU
		{A25D6235-F3CF-4215-A9C2-070BFAB3EAFD}.Release|ARM.ActiveCfg = Release|Any CPU
		{A25D6235-F3CF-4215-A9C2-070BFAB3EAFD}.Release|ARM.Build.0 = Release|Any CPU
		{A25D6235-F3CF-4215-A9C2-070BFAB3EAFD}.Release|ARM.Deploy.0 = Release|Any CPU
		{A25D6235-F3CF-4215-A9C2-070BFAB3EAFD}.Release|iPhone.ActiveCfg = Release|Any CPU
		{A25D6235-F3CF-4215-A9C2-070BFAB3EAFD}.Release|iPhone.Build.0 = Release|Any CPU
		{A25D6235-F3CF-4215-A9C2-070BFAB3EAFD}.Release|iPhone.Deploy.0 = Release|Any CPU
		{A25D6235-F3CF-4215-A9C2-070BFAB3EAFD}.Release|iPhoneSimulator.ActiveCfg = Release|Any CPU
		{A25D6235-F3CF-4215-A9C2-070BFAB3EAFD}.Release|iPhoneSimulator.Build.0 = Release|Any CPU
		{A25D6235-F3CF-4215-A9C2-070BFAB3EAFD}.Release|iPhoneSimulator.Deploy.0 = Release|Any CPU
		{A25D6235-F3CF-4215-A9C2-070BFAB3EAFD}.Release|x64.ActiveCfg = Release|Any CPU
		{A25D6235-F3CF-4215-A9C2-070BFAB3EAFD}.Release|x64.Build.0 = Release|Any CPU
		{A25D6235-F3CF-4215-A9C2-070BFAB3EAFD}.Release|x64.Deploy.0 = Release|Any CPU
		{A25D6235-F3CF-4215-A9C2-070BFAB3EAFD}.Release|x86.ActiveCfg = Release|Any CPU
		{A25D6235-F3CF-4215-A9C2-070BFAB3EAFD}.Release|x86.Build.0 = Release|Any CPU
		{A25D6235-F3CF-4215-A9C2-070BFAB3EAFD}.Release|x86.Deploy.0 = Release|Any CPU
		{8DD80727-AC4E-4962-BF97-94051A649C5D}.Ad-Hoc|Any CPU.ActiveCfg = Ad-Hoc|iPhone
		{8DD80727-AC4E-4962-BF97-94051A649C5D}.Ad-Hoc|Any CPU.Build.0 = Ad-Hoc|iPhone
		{8DD80727-AC4E-4962-BF97-94051A649C5D}.Ad-Hoc|Any CPU.Deploy.0 = Ad-Hoc|iPhone
		{8DD80727-AC4E-4962-BF97-94051A649C5D}.Ad-Hoc|ARM.ActiveCfg = Ad-Hoc|iPhone
		{8DD80727-AC4E-4962-BF97-94051A649C5D}.Ad-Hoc|ARM.Build.0 = Ad-Hoc|iPhone
		{8DD80727-AC4E-4962-BF97-94051A649C5D}.Ad-Hoc|ARM.Deploy.0 = Ad-Hoc|iPhone
		{8DD80727-AC4E-4962-BF97-94051A649C5D}.Ad-Hoc|iPhone.ActiveCfg = Ad-Hoc|iPhone
		{8DD80727-AC4E-4962-BF97-94051A649C5D}.Ad-Hoc|iPhone.Build.0 = Ad-Hoc|iPhone
		{8DD80727-AC4E-4962-BF97-94051A649C5D}.Ad-Hoc|iPhone.Deploy.0 = Ad-Hoc|iPhone
		{8DD80727-AC4E-4962-BF97-94051A649C5D}.Ad-Hoc|iPhoneSimulator.ActiveCfg = Ad-Hoc|iPhoneSimulator
		{8DD80727-AC4E-4962-BF97-94051A649C5D}.Ad-Hoc|iPhoneSimulator.Build.0 = Ad-Hoc|iPhoneSimulator
		{8DD80727-AC4E-4962-BF97-94051A649C5D}.Ad-Hoc|iPhoneSimulator.Deploy.0 = Ad-Hoc|iPhoneSimulator
		{8DD80727-AC4E-4962-BF97-94051A649C5D}.Ad-Hoc|x64.ActiveCfg = Ad-Hoc|iPhone
		{8DD80727-AC4E-4962-BF97-94051A649C5D}.Ad-Hoc|x64.Build.0 = Ad-Hoc|iPhone
		{8DD80727-AC4E-4962-BF97-94051A649C5D}.Ad-Hoc|x64.Deploy.0 = Ad-Hoc|iPhone
		{8DD80727-AC4E-4962-BF97-94051A649C5D}.Ad-Hoc|x86.ActiveCfg = Ad-Hoc|iPhone
		{8DD80727-AC4E-4962-BF97-94051A649C5D}.Ad-Hoc|x86.Build.0 = Ad-Hoc|iPhone
		{8DD80727-AC4E-4962-BF97-94051A649C5D}.Ad-Hoc|x86.Deploy.0 = Ad-Hoc|iPhone
		{8DD80727-AC4E-4962-BF97-94051A649C5D}.AppStore|Any CPU.ActiveCfg = AppStore|iPhone
		{8DD80727-AC4E-4962-BF97-94051A649C5D}.AppStore|Any CPU.Build.0 = AppStore|iPhone
		{8DD80727-AC4E-4962-BF97-94051A649C5D}.AppStore|Any CPU.Deploy.0 = AppStore|iPhone
		{8DD80727-AC4E-4962-BF97-94051A649C5D}.AppStore|ARM.ActiveCfg = AppStore|iPhone
		{8DD80727-AC4E-4962-BF97-94051A649C5D}.AppStore|ARM.Build.0 = AppStore|iPhone
		{8DD80727-AC4E-4962-BF97-94051A649C5D}.AppStore|ARM.Deploy.0 = AppStore|iPhone
		{8DD80727-AC4E-4962-BF97-94051A649C5D}.AppStore|iPhone.ActiveCfg = AppStore|iPhone
		{8DD80727-AC4E-4962-BF97-94051A649C5D}.AppStore|iPhone.Build.0 = AppStore|iPhone
		{8DD80727-AC4E-4962-BF97-94051A649C5D}.AppStore|iPhone.Deploy.0 = AppStore|iPhone
		{8DD80727-AC4E-4962-BF97-94051A649C5D}.AppStore|iPhoneSimulator.ActiveCfg = AppStore|iPhoneSimulator
		{8DD80727-AC4E-4962-BF97-94051A649C5D}.AppStore|iPhoneSimulator.Build.0 = AppStore|iPhoneSimulator
		{8DD80727-AC4E-4962-BF97-94051A649C5D}.AppStore|iPhoneSimulator.Deploy.0 = AppStore|iPhoneSimulator
		{8DD80727-AC4E-4962-BF97-94051A649C5D}.AppStore|x64.ActiveCfg = AppStore|iPhone
		{8DD80727-AC4E-4962-BF97-94051A649C5D}.AppStore|x64.Build.0 = AppStore|iPhone
		{8DD80727-AC4E-4962-BF97-94051A649C5D}.AppStore|x64.Deploy.0 = AppStore|iPhone
		{8DD80727-AC4E-4962-BF97-94051A649C5D}.AppStore|x86.ActiveCfg = AppStore|iPhone
		{8DD80727-AC4E-4962-BF97-94051A649C5D}.AppStore|x86.Build.0 = AppStore|iPhone
		{8DD80727-AC4E-4962-BF97-94051A649C5D}.AppStore|x86.Deploy.0 = AppStore|iPhone
		{8DD80727-AC4E-4962-BF97-94051A649C5D}.Debug|Any CPU.ActiveCfg = Debug|iPhoneSimulator
		{8DD80727-AC4E-4962-BF97-94051A649C5D}.Debug|Any CPU.Build.0 = Debug|iPhoneSimulator
		{8DD80727-AC4E-4962-BF97-94051A649C5D}.Debug|Any CPU.Deploy.0 = Debug|iPhoneSimulator
		{8DD80727-AC4E-4962-BF97-94051A649C5D}.Debug|ARM.ActiveCfg = Debug|iPhone
		{8DD80727-AC4E-4962-BF97-94051A649C5D}.Debug|ARM.Build.0 = Debug|iPhone
		{8DD80727-AC4E-4962-BF97-94051A649C5D}.Debug|ARM.Deploy.0 = Debug|iPhone
		{8DD80727-AC4E-4962-BF97-94051A649C5D}.Debug|iPhone.ActiveCfg = Debug|iPhone
		{8DD80727-AC4E-4962-BF97-94051A649C5D}.Debug|iPhone.Build.0 = Debug|iPhone
		{8DD80727-AC4E-4962-BF97-94051A649C5D}.Debug|iPhone.Deploy.0 = Debug|iPhone
		{8DD80727-AC4E-4962-BF97-94051A649C5D}.Debug|iPhoneSimulator.ActiveCfg = Debug|iPhoneSimulator
		{8DD80727-AC4E-4962-BF97-94051A649C5D}.Debug|iPhoneSimulator.Build.0 = Debug|iPhoneSimulator
		{8DD80727-AC4E-4962-BF97-94051A649C5D}.Debug|iPhoneSimulator.Deploy.0 = Debug|iPhoneSimulator
		{8DD80727-AC4E-4962-BF97-94051A649C5D}.Debug|x64.ActiveCfg = Debug|iPhone
		{8DD80727-AC4E-4962-BF97-94051A649C5D}.Debug|x64.Build.0 = Debug|iPhone
		{8DD80727-AC4E-4962-BF97-94051A649C5D}.Debug|x64.Deploy.0 = Debug|iPhone
		{8DD80727-AC4E-4962-BF97-94051A649C5D}.Debug|x86.ActiveCfg = Debug|iPhone
		{8DD80727-AC4E-4962-BF97-94051A649C5D}.Debug|x86.Build.0 = Debug|iPhone
		{8DD80727-AC4E-4962-BF97-94051A649C5D}.Debug|x86.Deploy.0 = Debug|iPhone
		{8DD80727-AC4E-4962-BF97-94051A649C5D}.Release|Any CPU.ActiveCfg = Release|iPhone
		{8DD80727-AC4E-4962-BF97-94051A649C5D}.Release|Any CPU.Build.0 = Release|iPhone
		{8DD80727-AC4E-4962-BF97-94051A649C5D}.Release|Any CPU.Deploy.0 = Release|iPhone
		{8DD80727-AC4E-4962-BF97-94051A649C5D}.Release|ARM.ActiveCfg = Release|iPhone
		{8DD80727-AC4E-4962-BF97-94051A649C5D}.Release|ARM.Build.0 = Release|iPhone
		{8DD80727-AC4E-4962-BF97-94051A649C5D}.Release|ARM.Deploy.0 = Release|iPhone
		{8DD80727-AC4E-4962-BF97-94051A649C5D}.Release|iPhone.ActiveCfg = Release|iPhone
		{8DD80727-AC4E-4962-BF97-94051A649C5D}.Release|iPhone.Build.0 = Release|iPhone
		{8DD80727-AC4E-4962-BF97-94051A649C5D}.Release|iPhone.Deploy.0 = Release|iPhone
		{8DD80727-AC4E-4962-BF97-94051A649C5D}.Release|iPhoneSimulator.ActiveCfg = Release|iPhoneSimulator
		{8DD80727-AC4E-4962-BF97-94051A649C5D}.Release|iPhoneSimulator.Build.0 = Release|iPhoneSimulator
		{8DD80727-AC4E-4962-BF97-94051A649C5D}.Release|iPhoneSimulator.Deploy.0 = Release|iPhoneSimulator
		{8DD80727-AC4E-4962-BF97-94051A649C5D}.Release|x64.ActiveCfg = Release|iPhone
		{8DD80727-AC4E-4962-BF97-94051A649C5D}.Release|x64.Build.0 = Release|iPhone
		{8DD80727-AC4E-4962-BF97-94051A649C5D}.Release|x64.Deploy.0 = Release|iPhone
		{8DD80727-AC4E-4962-BF97-94051A649C5D}.Release|x86.ActiveCfg = Release|iPhone
		{8DD80727-AC4E-4962-BF97-94051A649C5D}.Release|x86.Build.0 = Release|iPhone
		{8DD80727-AC4E-4962-BF97-94051A649C5D}.Release|x86.Deploy.0 = Release|iPhone
		{848303E6-5D04-4171-AFB2-ECD7BAB7C15F}.Ad-Hoc|Any CPU.ActiveCfg = Release|x86
		{848303E6-5D04-4171-AFB2-ECD7BAB7C15F}.Ad-Hoc|Any CPU.Build.0 = Release|x86
		{848303E6-5D04-4171-AFB2-ECD7BAB7C15F}.Ad-Hoc|Any CPU.Deploy.0 = Release|x86
		{848303E6-5D04-4171-AFB2-ECD7BAB7C15F}.Ad-Hoc|ARM.ActiveCfg = Release|ARM
		{848303E6-5D04-4171-AFB2-ECD7BAB7C15F}.Ad-Hoc|ARM.Build.0 = Release|ARM
		{848303E6-5D04-4171-AFB2-ECD7BAB7C15F}.Ad-Hoc|ARM.Deploy.0 = Release|ARM
		{848303E6-5D04-4171-AFB2-ECD7BAB7C15F}.Ad-Hoc|iPhone.ActiveCfg = Release|x86
		{848303E6-5D04-4171-AFB2-ECD7BAB7C15F}.Ad-Hoc|iPhone.Build.0 = Release|x86
		{848303E6-5D04-4171-AFB2-ECD7BAB7C15F}.Ad-Hoc|iPhone.Deploy.0 = Release|x86
		{848303E6-5D04-4171-AFB2-ECD7BAB7C15F}.Ad-Hoc|iPhoneSimulator.ActiveCfg = Release|x86
		{848303E6-5D04-4171-AFB2-ECD7BAB7C15F}.Ad-Hoc|iPhoneSimulator.Build.0 = Release|x86
		{848303E6-5D04-4171-AFB2-ECD7BAB7C15F}.Ad-Hoc|iPhoneSimulator.Deploy.0 = Release|x86
		{848303E6-5D04-4171-AFB2-ECD7BAB7C15F}.Ad-Hoc|x64.ActiveCfg = Release|x64
		{848303E6-5D04-4171-AFB2-ECD7BAB7C15F}.Ad-Hoc|x64.Build.0 = Release|x64
		{848303E6-5D04-4171-AFB2-ECD7BAB7C15F}.Ad-Hoc|x64.Deploy.0 = Release|x64
		{848303E6-5D04-4171-AFB2-ECD7BAB7C15F}.Ad-Hoc|x86.ActiveCfg = Release|x86
		{848303E6-5D04-4171-AFB2-ECD7BAB7C15F}.Ad-Hoc|x86.Build.0 = Release|x86
		{848303E6-5D04-4171-AFB2-ECD7BAB7C15F}.Ad-Hoc|x86.Deploy.0 = Release|x86
		{848303E6-5D04-4171-AFB2-ECD7BAB7C15F}.AppStore|Any CPU.ActiveCfg = Release|x86
		{848303E6-5D04-4171-AFB2-ECD7BAB7C15F}.AppStore|Any CPU.Build.0 = Release|x86
		{848303E6-5D04-4171-AFB2-ECD7BAB7C15F}.AppStore|Any CPU.Deploy.0 = Release|x86
		{848303E6-5D04-4171-AFB2-ECD7BAB7C15F}.AppStore|ARM.ActiveCfg = Release|ARM
		{848303E6-5D04-4171-AFB2-ECD7BAB7C15F}.AppStore|ARM.Build.0 = Release|ARM
		{848303E6-5D04-4171-AFB2-ECD7BAB7C15F}.AppStore|ARM.Deploy.0 = Release|ARM
		{848303E6-5D04-4171-AFB2-ECD7BAB7C15F}.AppStore|iPhone.ActiveCfg = Release|x86
		{848303E6-5D04-4171-AFB2-ECD7BAB7C15F}.AppStore|iPhone.Build.0 = Release|x86
		{848303E6-5D04-4171-AFB2-ECD7BAB7C15F}.AppStore|iPhone.Deploy.0 = Release|x86
		{848303E6-5D04-4171-AFB2-ECD7BAB7C15F}.AppStore|iPhoneSimulator.ActiveCfg = Release|x86
		{848303E6-5D04-4171-AFB2-ECD7BAB7C15F}.AppStore|iPhoneSimulator.Build.0 = Release|x86
		{848303E6-5D04-4171-AFB2-ECD7BAB7C15F}.AppStore|iPhoneSimulator.Deploy.0 = Release|x86
		{848303E6-5D04-4171-AFB2-ECD7BAB7C15F}.AppStore|x64.ActiveCfg = Release|x64
		{848303E6-5D04-4171-AFB2-ECD7BAB7C15F}.AppStore|x64.Build.0 = Release|x64
		{848303E6-5D04-4171-AFB2-ECD7BAB7C15F}.AppStore|x64.Deploy.0 = Release|x64
		{848303E6-5D04-4171-AFB2-ECD7BAB7C15F}.AppStore|x86.ActiveCfg = Release|x86
		{848303E6-5D04-4171-AFB2-ECD7BAB7C15F}.AppStore|x86.Build.0 = Release|x86
		{848303E6-5D04-4171-AFB2-ECD7BAB7C15F}.AppStore|x86.Deploy.0 = Release|x86
		{848303E6-5D04-4171-AFB2-ECD7BAB7C15F}.Debug|Any CPU.ActiveCfg = Debug|x86
		{848303E6-5D04-4171-AFB2-ECD7BAB7C15F}.Debug|Any CPU.Build.0 = Debug|x86
		{848303E6-5D04-4171-AFB2-ECD7BAB7C15F}.Debug|Any CPU.Deploy.0 = Debug|x86
		{848303E6-5D04-4171-AFB2-ECD7BAB7C15F}.Debug|ARM.ActiveCfg = Debug|ARM
		{848303E6-5D04-4171-AFB2-ECD7BAB7C15F}.Debug|ARM.Build.0 = Debug|ARM
		{848303E6-5D04-4171-AFB2-ECD7BAB7C15F}.Debug|ARM.Deploy.0 = Debug|ARM
		{848303E6-5D04-4171-AFB2-ECD7BAB7C15F}.Debug|iPhone.ActiveCfg = Debug|x86
		{848303E6-5D04-4171-AFB2-ECD7BAB7C15F}.Debug|iPhone.Build.0 = Debug|x86
		{848303E6-5D04-4171-AFB2-ECD7BAB7C15F}.Debug|iPhone.Deploy.0 = Debug|x86
		{848303E6-5D04-4171-AFB2-ECD7BAB7C15F}.Debug|iPhoneSimulator.ActiveCfg = Debug|x86
		{848303E6-5D04-4171-AFB2-ECD7BAB7C15F}.Debug|iPhoneSimulator.Build.0 = Debug|x86
		{848303E6-5D04-4171-AFB2-ECD7BAB7C15F}.Debug|iPhoneSimulator.Deploy.0 = Debug|x86
		{848303E6-5D04-4171-AFB2-ECD7BAB7C15F}.Debug|x64.ActiveCfg = Debug|x64
		{848303E6-5D04-4171-AFB2-ECD7BAB7C15F}.Debug|x64.Build.0 = Debug|x64
		{848303E6-5D04-4171-AFB2-ECD7BAB7C15F}.Debug|x64.Deploy.0 = Debug|x64
		{848303E6-5D04-4171-AFB2-ECD7BAB7C15F}.Debug|x86.ActiveCfg = Debug|x86
		{848303E6-5D04-4171-AFB2-ECD7BAB7C15F}.Debug|x86.Build.0 = Debug|x86
		{848303E6-5D04-4171-AFB2-ECD7BAB7C15F}.Debug|x86.Deploy.0 = Debug|x86
		{848303E6-5D04-4171-AFB2-ECD7BAB7C15F}.Release|Any CPU.ActiveCfg = Release|x86
		{848303E6-5D04-4171-AFB2-ECD7BAB7C15F}.Release|Any CPU.Build.0 = Release|x86
		{848303E6-5D04-4171-AFB2-ECD7BAB7C15F}.Release|Any CPU.Deploy.0 = Release|x86
		{848303E6-5D04-4171-AFB2-ECD7BAB7C15F}.Release|ARM.ActiveCfg = Release|ARM
		{848303E6-5D04-4171-AFB2-ECD7BAB7C15F}.Release|ARM.Build.0 = Release|ARM
		{848303E6-5D04-4171-AFB2-ECD7BAB7C15F}.Release|ARM.Deploy.0 = Release|ARM
		{848303E6-5D04-4171-AFB2-ECD7BAB7C15F}.Release|iPhone.ActiveCfg = Release|x86
		{848303E6-5D04-4171-AFB2-ECD7BAB7C15F}.Release|iPhone.Build.0 = Release|x86
		{848303E6-5D04-4171-AFB2-ECD7BAB7C15F}.Release|iPhone.Deploy.0 = Release|x86
		{848303E6-5D04-4171-AFB2-ECD7BAB7C15F}.Release|iPhoneSimulator.ActiveCfg = Release|x86
		{848303E6-5D04-4171-AFB2-ECD7BAB7C15F}.Release|iPhoneSimulator.Build.0 = Release|x86
		{848303E6-5D04-4171-AFB2-ECD7BAB7C15F}.Release|iPhoneSimulator.Deploy.0 = Release|x86
		{848303E6-5D04-4171-AFB2-ECD7BAB7C15F}.Release|x64.ActiveCfg = Release|x64
		{848303E6-5D04-4171-AFB2-ECD7BAB7C15F}.Release|x64.Build.0 = Release|x64
		{848303E6-5D04-4171-AFB2-ECD7BAB7C15F}.Release|x64.Deploy.0 = Release|x64
		{848303E6-5D04-4171-AFB2-ECD7BAB7C15F}.Release|x86.ActiveCfg = Release|x86
		{848303E6-5D04-4171-AFB2-ECD7BAB7C15F}.Release|x86.Build.0 = Release|x86
		{848303E6-5D04-4171-AFB2-ECD7BAB7C15F}.Release|x86.Deploy.0 = Release|x86
		{E2C1B3A2-7EBD-4F06-AB05-ED60F589748C}.Ad-Hoc|Any CPU.ActiveCfg = Debug|Any CPU
		{E2C1B3A2-7EBD-4F06-AB05-ED60F589748C}.Ad-Hoc|Any CPU.Build.0 = Debug|Any CPU
		{E2C1B3A2-7EBD-4F06-AB05-ED60F589748C}.Ad-Hoc|Any CPU.Deploy.0 = Debug|Any CPU
		{E2C1B3A2-7EBD-4F06-AB05-ED60F589748C}.Ad-Hoc|ARM.ActiveCfg = Debug|Any CPU
		{E2C1B3A2-7EBD-4F06-AB05-ED60F589748C}.Ad-Hoc|ARM.Build.0 = Debug|Any CPU
		{E2C1B3A2-7EBD-4F06-AB05-ED60F589748C}.Ad-Hoc|ARM.Deploy.0 = Debug|Any CPU
		{E2C1B3A2-7EBD-4F06-AB05-ED60F589748C}.Ad-Hoc|iPhone.ActiveCfg = Debug|Any CPU
		{E2C1B3A2-7EBD-4F06-AB05-ED60F589748C}.Ad-Hoc|iPhone.Build.0 = Debug|Any CPU
		{E2C1B3A2-7EBD-4F06-AB05-ED60F589748C}.Ad-Hoc|iPhone.Deploy.0 = Debug|Any CPU
		{E2C1B3A2-7EBD-4F06-AB05-ED60F589748C}.Ad-Hoc|iPhoneSimulator.ActiveCfg = Debug|Any CPU
		{E2C1B3A2-7EBD-4F06-AB05-ED60F589748C}.Ad-Hoc|iPhoneSimulator.Build.0 = Debug|Any CPU
		{E2C1B3A2-7EBD-4F06-AB05-ED60F589748C}.Ad-Hoc|iPhoneSimulator.Deploy.0 = Debug|Any CPU
		{E2C1B3A2-7EBD-4F06-AB05-ED60F589748C}.Ad-Hoc|x64.ActiveCfg = Debug|Any CPU
		{E2C1B3A2-7EBD-4F06-AB05-ED60F589748C}.Ad-Hoc|x64.Build.0 = Debug|Any CPU
		{E2C1B3A2-7EBD-4F06-AB05-ED60F589748C}.Ad-Hoc|x64.Deploy.0 = Debug|Any CPU
		{E2C1B3A2-7EBD-4F06-AB05-ED60F589748C}.Ad-Hoc|x86.ActiveCfg = Debug|Any CPU
		{E2C1B3A2-7EBD-4F06-AB05-ED60F589748C}.Ad-Hoc|x86.Build.0 = Debug|Any CPU
		{E2C1B3A2-7EBD-4F06-AB05-ED60F589748C}.Ad-Hoc|x86.Deploy.0 = Debug|Any CPU
		{E2C1B3A2-7EBD-4F06-AB05-ED60F589748C}.AppStore|Any CPU.ActiveCfg = Debug|Any CPU
		{E2C1B3A2-7EBD-4F06-AB05-ED60F589748C}.AppStore|Any CPU.Build.0 = Debug|Any CPU
		{E2C1B3A2-7EBD-4F06-AB05-ED60F589748C}.AppStore|Any CPU.Deploy.0 = Debug|Any CPU
		{E2C1B3A2-7EBD-4F06-AB05-ED60F589748C}.AppStore|ARM.ActiveCfg = Debug|Any CPU
		{E2C1B3A2-7EBD-4F06-AB05-ED60F589748C}.AppStore|ARM.Build.0 = Debug|Any CPU
		{E2C1B3A2-7EBD-4F06-AB05-ED60F589748C}.AppStore|ARM.Deploy.0 = Debug|Any CPU
		{E2C1B3A2-7EBD-4F06-AB05-ED60F589748C}.AppStore|iPhone.ActiveCfg = Debug|Any CPU
		{E2C1B3A2-7EBD-4F06-AB05-ED60F589748C}.AppStore|iPhone.Build.0 = Debug|Any CPU
		{E2C1B3A2-7EBD-4F06-AB05-ED60F589748C}.AppStore|iPhone.Deploy.0 = Debug|Any CPU
		{E2C1B3A2-7EBD-4F06-AB05-ED60F589748C}.AppStore|iPhoneSimulator.ActiveCfg = Debug|Any CPU
		{E2C1B3A2-7EBD-4F06-AB05-ED60F589748C}.AppStore|iPhoneSimulator.Build.0 = Debug|Any CPU
		{E2C1B3A2-7EBD-4F06-AB05-ED60F589748C}.AppStore|iPhoneSimulator.Deploy.0 = Debug|Any CPU
		{E2C1B3A2-7EBD-4F06-AB05-ED60F589748C}.AppStore|x64.ActiveCfg = Debug|Any CPU
		{E2C1B3A2-7EBD-4F06-AB05-ED60F589748C}.AppStore|x64.Build.0 = Debug|Any CPU
		{E2C1B3A2-7EBD-4F06-AB05-ED60F589748C}.AppStore|x64.Deploy.0 = Debug|Any CPU
		{E2C1B3A2-7EBD-4F06-AB05-ED60F589748C}.AppStore|x86.ActiveCfg = Debug|Any CPU
		{E2C1B3A2-7EBD-4F06-AB05-ED60F589748C}.AppStore|x86.Build.0 = Debug|Any CPU
		{E2C1B3A2-7EBD-4F06-AB05-ED60F589748C}.AppStore|x86.Deploy.0 = Debug|Any CPU
		{E2C1B3A2-7EBD-4F06-AB05-ED60F589748C}.Debug|Any CPU.ActiveCfg = Debug|Any CPU
		{E2C1B3A2-7EBD-4F06-AB05-ED60F589748C}.Debug|Any CPU.Build.0 = Debug|Any CPU
		{E2C1B3A2-7EBD-4F06-AB05-ED60F589748C}.Debug|Any CPU.Deploy.0 = Debug|Any CPU
		{E2C1B3A2-7EBD-4F06-AB05-ED60F589748C}.Debug|ARM.ActiveCfg = Debug|Any CPU
		{E2C1B3A2-7EBD-4F06-AB05-ED60F589748C}.Debug|ARM.Build.0 = Debug|Any CPU
		{E2C1B3A2-7EBD-4F06-AB05-ED60F589748C}.Debug|ARM.Deploy.0 = Debug|Any CPU
		{E2C1B3A2-7EBD-4F06-AB05-ED60F589748C}.Debug|iPhone.ActiveCfg = Debug|Any CPU
		{E2C1B3A2-7EBD-4F06-AB05-ED60F589748C}.Debug|iPhone.Build.0 = Debug|Any CPU
		{E2C1B3A2-7EBD-4F06-AB05-ED60F589748C}.Debug|iPhone.Deploy.0 = Debug|Any CPU
		{E2C1B3A2-7EBD-4F06-AB05-ED60F589748C}.Debug|iPhoneSimulator.ActiveCfg = Debug|Any CPU
		{E2C1B3A2-7EBD-4F06-AB05-ED60F589748C}.Debug|iPhoneSimulator.Build.0 = Debug|Any CPU
		{E2C1B3A2-7EBD-4F06-AB05-ED60F589748C}.Debug|iPhoneSimulator.Deploy.0 = Debug|Any CPU
		{E2C1B3A2-7EBD-4F06-AB05-ED60F589748C}.Debug|x64.ActiveCfg = Debug|Any CPU
		{E2C1B3A2-7EBD-4F06-AB05-ED60F589748C}.Debug|x64.Build.0 = Debug|Any CPU
		{E2C1B3A2-7EBD-4F06-AB05-ED60F589748C}.Debug|x64.Deploy.0 = Debug|Any CPU
		{E2C1B3A2-7EBD-4F06-AB05-ED60F589748C}.Debug|x86.ActiveCfg = Debug|Any CPU
		{E2C1B3A2-7EBD-4F06-AB05-ED60F589748C}.Debug|x86.Build.0 = Debug|Any CPU
		{E2C1B3A2-7EBD-4F06-AB05-ED60F589748C}.Debug|x86.Deploy.0 = Debug|Any CPU
		{E2C1B3A2-7EBD-4F06-AB05-ED60F589748C}.Release|Any CPU.ActiveCfg = Release|Any CPU
		{E2C1B3A2-7EBD-4F06-AB05-ED60F589748C}.Release|Any CPU.Build.0 = Release|Any CPU
		{E2C1B3A2-7EBD-4F06-AB05-ED60F589748C}.Release|Any CPU.Deploy.0 = Release|Any CPU
		{E2C1B3A2-7EBD-4F06-AB05-ED60F589748C}.Release|ARM.ActiveCfg = Release|Any CPU
		{E2C1B3A2-7EBD-4F06-AB05-ED60F589748C}.Release|ARM.Build.0 = Release|Any CPU
		{E2C1B3A2-7EBD-4F06-AB05-ED60F589748C}.Release|ARM.Deploy.0 = Release|Any CPU
		{E2C1B3A2-7EBD-4F06-AB05-ED60F589748C}.Release|iPhone.ActiveCfg = Release|Any CPU
		{E2C1B3A2-7EBD-4F06-AB05-ED60F589748C}.Release|iPhone.Build.0 = Release|Any CPU
		{E2C1B3A2-7EBD-4F06-AB05-ED60F589748C}.Release|iPhone.Deploy.0 = Release|Any CPU
		{E2C1B3A2-7EBD-4F06-AB05-ED60F589748C}.Release|iPhoneSimulator.ActiveCfg = Release|Any CPU
		{E2C1B3A2-7EBD-4F06-AB05-ED60F589748C}.Release|iPhoneSimulator.Build.0 = Release|Any CPU
		{E2C1B3A2-7EBD-4F06-AB05-ED60F589748C}.Release|iPhoneSimulator.Deploy.0 = Release|Any CPU
		{E2C1B3A2-7EBD-4F06-AB05-ED60F589748C}.Release|x64.ActiveCfg = Release|Any CPU
		{E2C1B3A2-7EBD-4F06-AB05-ED60F589748C}.Release|x64.Build.0 = Release|Any CPU
		{E2C1B3A2-7EBD-4F06-AB05-ED60F589748C}.Release|x64.Deploy.0 = Release|Any CPU
		{E2C1B3A2-7EBD-4F06-AB05-ED60F589748C}.Release|x86.ActiveCfg = Release|Any CPU
		{E2C1B3A2-7EBD-4F06-AB05-ED60F589748C}.Release|x86.Build.0 = Release|Any CPU
		{E2C1B3A2-7EBD-4F06-AB05-ED60F589748C}.Release|x86.Deploy.0 = Release|Any CPU
	EndGlobalSection
	GlobalSection(SolutionProperties) = preSolution
		HideSolutionNode = FALSE
	EndGlobalSection
	GlobalSection(ExtensibilityGlobals) = postSolution
		SolutionGuid = {17A626E2-5ADF-4739-A9AB-2CF26DE423ED}
	EndGlobalSection
EndGlobal
